<Solution>
  <Folder Name="/src/">
    <Project Path="src/PbiAssure.Cli/PbiAssure.Cli.csproj" />
    <Project Path="src/PbiAssure.Core/PbiAssure.Core.csproj" />
    <Project Path="src/PbiAssure.Desktop/PbiAssure.Desktop.csproj" />
    <Project Path="src/PbiAssure.Reporting/PbiAssure.Reporting.csproj" />
  </Folder>
  <Folder Name="/tests/">
    <Project Path="tests/PbiAssure.Core.Tests/PbiAssure.Core.Tests.csproj" />
  </Folder>
</Solution>
